// !$*UTF8*$!
{
	archiveVersion = 1;
	classes = {
	};
	objectVersion = 50;
	objects = {

/* Begin PBXBuildFile section */
		1864AA07275D463500A2371B /* AppDelegate.swift in Sources */ = {isa = PBXBuildFile; fileRef = 1864AA06275D463500A2371B /* AppDelegate.swift */; };
		1864AA09275D463500A2371B /* SceneDelegate.swift in Sources */ = {isa = PBXBuildFile; fileRef = 1864AA08275D463500A2371B /* SceneDelegate.swift */; };
		1864AA0B275D463500A2371B /* ViewController.swift in Sources */ = {isa = PBXBuildFile; fileRef = 1864AA0A275D463500A2371B /* ViewController.swift */; };
		1864AA0E275D463500A2371B /* Main.storyboard in Resources */ = {isa = PBXBuildFile; fileRef = 1864AA0C275D463500A2371B /* Main.storyboard */; };
		1864AA11275D463500A2371B /* SwiftViperDemopp.xcdatamodeld in Sources */ = {isa = PBXBuildFile; fileRef = 1864AA0F275D463500A2371B /* SwiftViperDemopp.xcdatamodeld */; };
		1864AA13275D463600A2371B /* Assets.xcassets in Resources */ = {isa = PBXBuildFile; fileRef = 1864AA12275D463600A2371B /* Assets.xcassets */; };
		1864AA16275D463600A2371B /* LaunchScreen.storyboard in Resources */ = {isa = PBXBuildFile; fileRef = 1864AA14275D463600A2371B /* LaunchScreen.storyboard */; };
/* End PBXBuildFile section */

/* Begin PBXFileReference section */
		1864AA03275D463500A2371B /* SwiftViperDemopp.app */ = {isa = PBXFileReference; explicitFileType = wrapper.application; includeInIndex = 0; path = SwiftViperDemopp.app; sourceTree = BUILT_PRODUCTS_DIR; };
		1864AA06275D463500A2371B /* AppDelegate.swift */ = {isa = PBXFileReference; lastKnownFileType = sourcecode.swift; path = AppDelegate.swift; sourceTree = "<group>"; };
		1864AA08275D463500A2371B /* SceneDelegate.swift */ = {isa = PBXFileReference; lastKnownFileType = sourcecode.swift; path = SceneDelegate.swift; sourceTree = "<group>"; };
		1864AA0A275D463500A2371B /* ViewController.swift */ = {isa = PBXFileReference; lastKnownFileType = sourcecode.swift; path = ViewController.swift; sourceTree = "<group>"; };
		1864AA0D275D463500A2371B /* Base */ = {isa = PBXFileReference; lastKnownFileType = file.storyboard; name = Base; path = Base.lproj/Main.storyboard; sourceTree = "<group>"; };
		1864AA10275D463500A2371B /* SwiftViperDemopp.xcdatamodel */ = {isa = PBXFileReference; lastKnownFileType = wrapper.xcdatamodel; path = SwiftViperDemopp.xcdatamodel; sourceTree = "<group>"; };
		1864AA12275D463600A2371B /* Assets.xcassets */ = {isa = PBXFileReference; lastKnownFileType = folder.assetcatalog; path = Assets.xcassets; sourceTree = "<group>"; };
		1864AA15275D463600A2371B /* Base */ = {isa = PBXFileReference; lastKnownFileType = file.storyboard; name = Base; path = Base.lproj/LaunchScreen.storyboard; sourceTree = "<group>"; };
		1864AA17275D463600A2371B /* Info.plist */ = {isa = PBXFileReference; lastKnownFileType = text.plist.xml; path = Info.plist; sourceTree = "<group>"; };
/* End PBXFileReference section */

/* Begin PBXFrameworksBuildPhase section */
		1864AA00275D463500A2371B /* Frameworks */ = {
			isa = PBXFrameworksBuildPhase;
			buildActionMask = 2147483647;
			files = (
			);
			runOnlyForDeploymentPostprocessing = 0;
		};
/* End PBXFrameworksBuildPhase section */

/* Begin PBXGroup section */
		1864A9FA275D463500A2371B = {
			isa = PBXGroup;
			children = (
				1864AA05275D463500A2371B /* SwiftViperDemopp */,
				1864AA04275D463500A2371B /* Products */,
			);
			sourceTree = "<group>";
		};
		1864AA04275D463500A2371B /* Products */ = {
			isa = PBXGroup;
			children = (
				1864AA03275D463500A2371B /* SwiftViperDemopp.app */,
			);
			name = Products;
			sourceTree = "<group>";
		};
		1864AA05275D463500A2371B /* SwiftViperDemopp */ = {
			isa = PBXGroup;
			children = (
				1864AA06275D463500A2371B /* AppDelegate.swift */,
				1864AA08275D463500A2371B /* SceneDelegate.swift */,
				1864AA0A275D463500A2371B /* ViewController.swift */,
				1864AA0C275D463500A2371B /* Main.storyboard */,
				1864AA12275D463600A2371B /* Assets.xcassets */,
				1864AA14275D463600A2371B /* LaunchScreen.storyboard */,
				1864AA17275D463600A2371B /* Info.plist */,
				1864AA0F275D463500A2371B /* SwiftViperDemopp.xcdatamodeld */,
			);
			path = SwiftViperDemopp;
			sourceTree = "<group>";
		};
/* End PBXGroup section */

/* Begin PBXNativeTarget section */
		1864AA02275D463500A2371B /* SwiftViperDemopp */ = {
			isa = PBXNativeTarget;
			buildConfigurationList = 1864AA1A275D463600A2371B /* Build configuration list for PBXNativeTarget "SwiftViperDemopp" */;
			buildPhases = (
				1864A9FF275D463500A2371B /* Sources */,
				1864AA00275D463500A2371B /* Frameworks */,
				1864AA01275D463500A2371B /* Resources */,
			);
			buildRules = (
			);
			dependencies = (
			);
			name = SwiftViperDemopp;
			productName = SwiftViperDemopp;
			productReference = 1864AA03275D463500A2371B /* SwiftViperDemopp.app */;
			productType = "com.apple.product-type.application";
		};
/* End PBXNativeTarget section */

/* Begin PBXProject section */
		1864A9FB275D463500A2371B /* Project object */ = {
			isa = PBXProject;
			attributes = {
				LastSwiftUpdateCheck = 1240;
				LastUpgradeCheck = 1240;
				TargetAttributes = {
					1864AA02275D463500A2371B = {
						CreatedOnToolsVersion = 12.4;
					};
				};
			};
			buildConfigurationList = 1864A9FE275D463500A2371B /* Build configuration list for PBXProject "SwiftViperDemopp" */;
			compatibilityVersion = "Xcode 9.3";
			developmentRegion = en;
			hasScannedForEncodings = 0;
			knownRegions = (
				en,
				Base,
			);
			mainGroup = 1864A9FA275D463500A2371B;
			productRefGroup = 1864AA04275D463500A2371B /* Products */;
			projectDirPath = "";
			projectRoot = "";
			targets = (
				1864AA02275D463500A2371B /* SwiftViperDemopp */,
			);
		};
/* End PBXProject section */

/* Begin PBXResourcesBuildPhase section */
		1864AA01275D463500A2371B /* Resources */ = {
			isa = PBXResourcesBuildPhase;
			buildActionMask = 2147483647;
			files = (
				1864AA16275D463600A2371B /* LaunchScreen.storyboard in Resources */,
				1864AA13275D463600A2371B /* Assets.xcassets in Resources */,
				1864AA0E275D463500A2371B /* Main.storyboard in Resources */,
			);
			runOnlyForDeploymentPostprocessing = 0;
		};
/* End PBXResourcesBuildPhase section */

/* Begin PBXSourcesBuildPhase section */
		1864A9FF275D463500A2371B /* Sources */ = {
			isa = PBXSourcesBuildPhase;
			buildActionMask = 2147483647;
			files = (
				1864AA0B275D463500A2371B /* ViewController.swift in Sources */,
				1864AA11275D463500A2371B /* SwiftViperDemopp.xcdatamodeld in Sources */,
				1864AA07275D463500A2371B /* AppDelegate.swift in Sources */,
				1864AA09275D463500A2371B /* SceneDelegate.swift in Sources */,
			);
			runOnlyForDeploymentPostprocessing = 0;
		};
/* End PBXSourcesBuildPhase section */

/* Begin PBXVariantGroup section */
		1864AA0C275D463500A2371B /* Main.storyboard */ = {
			isa = PBXVariantGroup;
			children = (
				1864AA0D275D463500A2371B /* Base */,
			);
			name = Main.storyboard;
			sourceTree = "<group>";
		};
		1864AA14275D463600A2371B /* LaunchScreen.storyboard */ = {
			isa = PBXVariantGroup;
			children = (
				1864AA15275D463600A2371B /* Base */,
			);
			name = LaunchScreen.storyboard;
			sourceTree = "<group>";
		};
/* End PBXVariantGroup section */

/* Begin XCBuildConfiguration section */
		1864AA18275D463600A2371B /* Debug */ = {
			isa = XCBuildConfiguration;
			buildSettings = {
				ALWAYS_SEARCH_USER_PATHS = NO;
				CLANG_ANALYZER_NONNULL = YES;
				CLANG_ANALYZER_NUMBER_OBJECT_CONVERSION = YES_AGGRESSIVE;
				CLANG_CXX_LANGUAGE_STANDARD = "gnu++14";
				CLANG_CXX_LIBRARY = "libc++";
				CLANG_ENABLE_MODULES = YES;
				CLANG_ENABLE_OBJC_ARC = YES;
				CLANG_ENABLE_OBJC_WEAK = YES;
				CLANG_WARN_BLOCK_CAPTURE_AUTORELEASING = YES;
				CLANG_WARN_BOOL_CONVERSION = YES;
				CLANG_WARN_COMMA = YES;
				CLANG_WARN_CONSTANT_CONVERSION = YES;
				CLANG_WARN_DEPRECATED_OBJC_IMPLEMENTATIONS = YES;
				CLANG_WARN_DIRECT_OBJC_ISA_USAGE = YES_ERROR;
				CLANG_WARN_DOCUMENTATION_COMMENTS = YES;
				CLANG_WARN_EMPTY_BODY = YES;
				CLANG_WARN_ENUM_CONVERSION = YES;
				CLANG_WARN_INFINITE_RECURSION = YES;
				CLANG_WARN_INT_CONVERSION = YES;
				CLANG_WARN_NON_LITERAL_NULL_CONVERSION = YES;
				CLANG_WARN_OBJC_IMPLICIT_RETAIN_SELF = YES;
				CLANG_WARN_OBJC_LITERAL_CONVERSION = YES;
				CLANG_WARN_OBJC_ROOT_CLASS = YES_ERROR;
				CLANG_WARN_QUOTED_INCLUDE_IN_FRAMEWORK_HEADER = YES;
				CLANG_WARN_RANGE_LOOP_ANALYSIS = YES;
				CLANG_WARN_STRICT_PROTOTYPES = YES;
				CLANG_WARN_SUSPICIOUS_MOVE = YES;
				CLANG_WARN_UNGUARDED_AVAILABILITY = YES_AGGRESSIVE;
				CLANG_WARN_UNREACHABLE_CODE = YES;
				CLANG_WARN__DUPLICATE_METHOD_MATCH = YES;
				COPY_PHASE_STRIP = NO;
				DEBUG_INFORMATION_FORMAT = dwarf;
				ENABLE_STRICT_OBJC_MSGSEND = YES;
				ENABLE_TESTABILITY = YES;
				GCC_C_LANGUAGE_STANDARD = gnu11;
				GCC_DYNAMIC_NO_PIC = NO;
				GCC_NO_COMMON_BLOCKS = YES;
				GCC_OPTIMIZATION_LEVEL = 0;
				GCC_PREPROCESSOR_DEFINITIONS = (
					"DEBUG=1",
					"$(inherited)",
				);
				GCC_WARN_64_TO_32_BIT_CONVERSION = YES;
				GCC_WARN_ABOUT_RETURN_TYPE = YES_ERROR;
				GCC_WARN_UNDECLARED_SELECTOR = YES;
				GCC_WARN_UNINITIALIZED_AUTOS = YES_AGGRESSIVE;
				GCC_WARN_UNUSED_FUNCTION = YES;
				GCC_WARN_UNUSED_VARIABLE = YES;
				IPHONEOS_DEPLOYMENT_TARGET = 14.4;
				MTL_ENABLE_DEBUG_INFO = INCLUDE_SOURCE;
				MTL_FAST_MATH = YES;
				ONLY_ACTIVE_ARCH = YES;
				SDKROOT = iphoneos;
				SWIFT_ACTIVE_COMPILATION_CONDITIONS = DEBUG;
				SWIFT_OPTIMIZATION_LEVEL = "-Onone";
			};
			name = Debug;
		};
		1864AA19275D463600A2371B /* Release */ = {
			isa = XCBuildConfiguration;
			buildSettings = {
				ALWAYS_SEARCH_USER_PATHS = NO;
				CLANG_ANALYZER_NONNULL = YES;
				CLANG_ANALYZER_NUMBER_OBJECT_CONVERSION = YES_AGGRESSIVE;
				CLANG_CXX_LANGUAGE_STANDARD = "gnu++14";
				CLANG_CXX_LIBRARY = "libc++";
				CLANG_ENABLE_MODULES = YES;
				CLANG_ENABLE_OBJC_ARC = YES;
				CLANG_ENABLE_OBJC_WEAK = YES;
				CLANG_WARN_BLOCK_CAPTURE_AUTORELEASING = YES;
				CLANG_WARN_BOOL_CONVERSION = YES;
				CLANG_WARN_COMMA = YES;
				CLANG_WARN_CONSTANT_CONVERSION = YES;
				CLANG_WARN_DEPRECATED_OBJC_IMPLEMENTATIONS = YES;
				CLANG_WARN_DIRECT_OBJC_ISA_USAGE = YES_ERROR;
				CLANG_WARN_DOCUMENTATION_COMMENTS = YES;
				CLANG_WARN_EMPTY_BODY = YES;
				CLANG_WARN_ENUM_CONVERSION = YES;
				CLANG_WARN_INFINITE_RECURSION = YES;
				CLANG_WARN_INT_CONVERSION = YES;
				CLANG_WARN_NON_LITERAL_NULL_CONVERSION = YES;
				CLANG_WARN_OBJC_IMPLICIT_RETAIN_SELF = YES;
				CLANG_WARN_OBJC_LITERAL_CONVERSION = YES;
				CLANG_WARN_OBJC_ROOT_CLASS = YES_ERROR;
				CLANG_WARN_QUOTED_INCLUDE_IN_FRAMEWORK_HEADER = YES;
				CLANG_WARN_RANGE_LOOP_ANALYSIS = YES;
				CLANG_WARN_STRICT_PROTOTYPES = YES;
				CLANG_WARN_SUSPICIOUS_MOVE = YES;
				CLANG_WARN_UNGUARDED_AVAILABILITY = YES_AGGRESSIVE;
				CLANG_WARN_UNREACHABLE_CODE = YES;
				CLANG_WARN__DUPLICATE_METHOD_MATCH = YES;
				COPY_PHASE_STRIP = NO;
				DEBUG_INFORMATION_FORMAT = "dwarf-with-dsym";
				ENABLE_NS_ASSERTIONS = NO;
				ENABLE_STRICT_OBJC_MSGSEND = YES;
				GCC_C_LANGUAGE_STANDARD = gnu11;
				GCC_NO_COMMON_BLOCKS = YES;
				GCC_WARN_64_TO_32_BIT_CONVERSION = YES;
				GCC_WARN_ABOUT_RETURN_TYPE = YES_ERROR;
				GCC_WARN_UNDECLARED_SELECTOR = YES;
				GCC_WARN_UNINITIALIZED_AUTOS = YES_AGGRESSIVE;
				GCC_WARN_UNUSED_FUNCTION = YES;
				GCC_WARN_UNUSED_VARIABLE = YES;
				IPHONEOS_DEPLOYMENT_TARGET = 14.4;
				MTL_ENABLE_DEBUG_INFO = NO;
				MTL_FAST_MATH = YES;
				SDKROOT = iphoneos;
				SWIFT_COMPILATION_MODE = wholemodule;
				SWIFT_OPTIMIZATION_LEVEL = "-O";
				VALIDATE_PRODUCT = YES;
			};
			name = Release;
		};
		1864AA1B275D463600A2371B /* Debug */ = {
			isa = XCBuildConfiguration;
			buildSettings = {
				ASSETCATALOG_COMPILER_APPICON_NAME = AppIcon;
				ASSETCATALOG_COMPILER_GLOBAL_ACCENT_COLOR_NAME = AccentColor;
				CODE_SIGN_STYLE = Automatic;
				INFOPLIST_FILE = SwiftViperDemopp/Info.plist;
				LD_RUNPATH_SEARCH_PATHS = (
					"$(inherited)",
					"@executable_path/Frameworks",
				);
				PRODUCT_BUNDLE_IDENTIFIER = it.com.SwiftViperDemopp;
				PRODUCT_NAME = "$(TARGET_NAME)";
				SWIFT_VERSION = 5.0;
				TARGETED_DEVICE_FAMILY = "1,2";
			};
			name = Debug;
		};
		1864AA1C275D463600A2371B /* Release */ = {
			isa = XCBuildConfiguration;
			buildSettings = {
				ASSETCATALOG_COMPILER_APPICON_NAME = AppIcon;
				ASSETCATALOG_COMPILER_GLOBAL_ACCENT_COLOR_NAME = AccentColor;
				CODE_SIGN_STYLE = Automatic;
				INFOPLIST_FILE = SwiftViperDemopp/Info.plist;
				LD_RUNPATH_SEARCH_PATHS = (
					"$(inherited)",
					"@executable_path/Frameworks",
				);
				PRODUCT_BUNDLE_IDENTIFIER = it.com.SwiftViperDemopp;
				PRODUCT_NAME = "$(TARGET_NAME)";
				SWIFT_VERSION = 5.0;
				TARGETED_DEVICE_FAMILY = "1,2";
			};
			name = Release;
		};
/* End XCBuildConfiguration section */

/* Begin XCConfigurationList section */
		1864A9FE275D463500A2371B /* Build configuration list for PBXProject "SwiftViperDemopp" */ = {
			isa = XCConfigurationList;
			buildConfigurations = (
				1864AA18275D463600A2371B /* Debug */,
				1864AA19275D463600A2371B /* Release */,
			);
			defaultConfigurationIsVisible = 0;
			defaultConfigurationName = Release;
		};
		1864AA1A275D463600A2371B /* Build configuration list for PBXNativeTarget "SwiftViperDemopp" */ = {
			isa = XCConfigurationList;
			buildConfigurations = (
				1864AA1B275D463600A2371B /* Debug */,
				1864AA1C275D463600A2371B /* Release */,
			);
			defaultConfigurationIsVisible = 0;
			defaultConfigurationName = Release;
		};
/* End XCConfigurationList section */

/* Begin XCVersionGroup section */
		1864AA0F275D463500A2371B /* SwiftViperDemopp.xcdatamodeld */ = {
			isa = XCVersionGroup;
			children = (
				1864AA10275D463500A2371B /* SwiftViperDemopp.xcdatamodel */,
			);
			currentVersion = 1864AA10275D463500A2371B /* SwiftViperDemopp.xcdatamodel */;
			path = SwiftViperDemopp.xcdatamodeld;
			sourceTree = "<group>";
			versionGroupType = wrapper.xcdatamodel;
		};
/* End XCVersionGroup section */
	};
	rootObject = 1864A9FB275D463500A2371B /* Project object */;
}
